// !$*UTF8*$!
{
	archiveVersion = 1;
	classes = {
	};
	objectVersion = 48;
	objects = {

/* Begin PBXBuildFile section */
		F0FF714F202E7FAB00CCB4DC /* AppDelegate.swift in Sources */ = {isa = PBXBuildFile; fileRef = F0FF714E202E7FAB00CCB4DC /* AppDelegate.swift */; };
		F0FF7151202E7FAB00CCB4DC /* LoginVC.swift in Sources */ = {isa = PBXBuildFile; fileRef = F0FF7150202E7FAB00CCB4DC /* LoginVC.swift */; };
		F0FF7156202E7FAB00CCB4DC /* Assets.xcassets in Resources */ = {isa = PBXBuildFile; fileRef = F0FF7155202E7FAB00CCB4DC /* Assets.xcassets */; };
		F0FF7159202E7FAB00CCB4DC /* LaunchScreen.storyboard in Resources */ = {isa = PBXBuildFile; fileRef = F0FF7157202E7FAB00CCB4DC /* LaunchScreen.storyboard */; };
		F0FF7161202E96BA00CCB4DC /* NavigationVC.swift in Sources */ = {isa = PBXBuildFile; fileRef = F0FF7160202E96BA00CCB4DC /* NavigationVC.swift */; };
		F0FF7163202E96E700CCB4DC /* NewsVC.swift in Sources */ = {isa = PBXBuildFile; fileRef = F0FF7162202E96E700CCB4DC /* NewsVC.swift */; };
		F0FF7166202E975800CCB4DC /* UIViewController.swift in Sources */ = {isa = PBXBuildFile; fileRef = F0FF7165202E975800CCB4DC /* UIViewController.swift */; };
		F0FF7169202E985000CCB4DC /* SearchVC.swift in Sources */ = {isa = PBXBuildFile; fileRef = F0FF7168202E985000CCB4DC /* SearchVC.swift */; };
		F0FF716B202ECA9B00CCB4DC /* UIView.swift in Sources */ = {isa = PBXBuildFile; fileRef = F0FF716A202ECA9B00CCB4DC /* UIView.swift */; };
		F0FF716D202ECB3C00CCB4DC /* AuthVC.swift in Sources */ = {isa = PBXBuildFile; fileRef = F0FF716C202ECB3C00CCB4DC /* AuthVC.swift */; };
		F0FF716F202ECCE800CCB4DC /* UIImageView.swift in Sources */ = {isa = PBXBuildFile; fileRef = F0FF716E202ECCE800CCB4DC /* UIImageView.swift */; };
		F0FF7172202EDAC100CCB4DC /* User.swift in Sources */ = {isa = PBXBuildFile; fileRef = F0FF7171202EDAC100CCB4DC /* User.swift */; };
		F0FF7174202EDE6400CCB4DC /* UserData.swift in Sources */ = {isa = PBXBuildFile; fileRef = F0FF7173202EDE6400CCB4DC /* UserData.swift */; };
/* End PBXBuildFile section */

/* Begin PBXFileReference section */
		F0FF714B202E7FAB00CCB4DC /* app.app */ = {isa = PBXFileReference; explicitFileType = wrapper.application; includeInIndex = 0; path = app.app; sourceTree = BUILT_PRODUCTS_DIR; };
		F0FF714E202E7FAB00CCB4DC /* AppDelegate.swift */ = {isa = PBXFileReference; lastKnownFileType = sourcecode.swift; path = AppDelegate.swift; sourceTree = "<group>"; };
		F0FF7150202E7FAB00CCB4DC /* LoginVC.swift */ = {isa = PBXFileReference; lastKnownFileType = sourcecode.swift; path = LoginVC.swift; sourceTree = "<group>"; };
		F0FF7155202E7FAB00CCB4DC /* Assets.xcassets */ = {isa = PBXFileReference; lastKnownFileType = folder.assetcatalog; path = Assets.xcassets; sourceTree = "<group>"; };
		F0FF7158202E7FAB00CCB4DC /* Base */ = {isa = PBXFileReference; lastKnownFileType = file.storyboard; name = Base; path = Base.lproj/LaunchScreen.storyboard; sourceTree = "<group>"; };
		F0FF715A202E7FAB00CCB4DC /* Info.plist */ = {isa = PBXFileReference; lastKnownFileType = text.plist.xml; path = Info.plist; sourceTree = "<group>"; };
		F0FF7160202E96BA00CCB4DC /* NavigationVC.swift */ = {isa = PBXFileReference; lastKnownFileType = sourcecode.swift; path = NavigationVC.swift; sourceTree = "<group>"; };
		F0FF7162202E96E700CCB4DC /* NewsVC.swift */ = {isa = PBXFileReference; lastKnownFileType = sourcecode.swift; path = NewsVC.swift; sourceTree = "<group>"; };
		F0FF7165202E975800CCB4DC /* UIViewController.swift */ = {isa = PBXFileReference; lastKnownFileType = sourcecode.swift; path = UIViewController.swift; sourceTree = "<group>"; };
		F0FF7168202E985000CCB4DC /* SearchVC.swift */ = {isa = PBXFileReference; lastKnownFileType = sourcecode.swift; path = SearchVC.swift; sourceTree = "<group>"; };
		F0FF716A202ECA9B00CCB4DC /* UIView.swift */ = {isa = PBXFileReference; lastKnownFileType = sourcecode.swift; path = UIView.swift; sourceTree = "<group>"; };
		F0FF716C202ECB3C00CCB4DC /* AuthVC.swift */ = {isa = PBXFileReference; lastKnownFileType = sourcecode.swift; path = AuthVC.swift; sourceTree = "<group>"; };
		F0FF716E202ECCE800CCB4DC /* UIImageView.swift */ = {isa = PBXFileReference; lastKnownFileType = sourcecode.swift; path = UIImageView.swift; sourceTree = "<group>"; };
		F0FF7171202EDAC100CCB4DC /* User.swift */ = {isa = PBXFileReference; lastKnownFileType = sourcecode.swift; path = User.swift; sourceTree = "<group>"; };
		F0FF7173202EDE6400CCB4DC /* UserData.swift */ = {isa = PBXFileReference; lastKnownFileType = sourcecode.swift; path = UserData.swift; sourceTree = "<group>"; };
/* End PBXFileReference section */

/* Begin PBXFrameworksBuildPhase section */
		F0FF7148202E7FAA00CCB4DC /* Frameworks */ = {
			isa = PBXFrameworksBuildPhase;
			buildActionMask = 2147483647;
			files = (
			);
			runOnlyForDeploymentPostprocessing = 0;
		};
/* End PBXFrameworksBuildPhase section */

/* Begin PBXGroup section */
		F0FF7142202E7FAA00CCB4DC = {
			isa = PBXGroup;
			children = (
				F0FF714D202E7FAB00CCB4DC /* app */,
				F0FF714C202E7FAB00CCB4DC /* Products */,
			);
			sourceTree = "<group>";
		};
		F0FF714C202E7FAB00CCB4DC /* Products */ = {
			isa = PBXGroup;
			children = (
				F0FF714B202E7FAB00CCB4DC /* app.app */,
			);
			name = Products;
			sourceTree = "<group>";
		};
		F0FF714D202E7FAB00CCB4DC /* app */ = {
			isa = PBXGroup;
			children = (
				F0FF7170202EDAB600CCB4DC /* Models */,
				F0FF7167202E97D800CCB4DC /* ViewControllers */,
				F0FF7164202E974200CCB4DC /* Extensions */,
				F0FF714E202E7FAB00CCB4DC /* AppDelegate.swift */,
				F0FF7155202E7FAB00CCB4DC /* Assets.xcassets */,
				F0FF7157202E7FAB00CCB4DC /* LaunchScreen.storyboard */,
				F0FF715A202E7FAB00CCB4DC /* Info.plist */,
				F0FF7173202EDE6400CCB4DC /* UserData.swift */,
			);
			path = app;
			sourceTree = "<group>";
		};
		F0FF7164202E974200CCB4DC /* Extensions */ = {
			isa = PBXGroup;
			children = (
				F0FF7165202E975800CCB4DC /* UIViewController.swift */,
				F0FF716A202ECA9B00CCB4DC /* UIView.swift */,
				F0FF716E202ECCE800CCB4DC /* UIImageView.swift */,
			);
			path = Extensions;
			sourceTree = "<group>";
		};
		F0FF7167202E97D800CCB4DC /* ViewControllers */ = {
			isa = PBXGroup;
			children = (
				F0FF7150202E7FAB00CCB4DC /* LoginVC.swift */,
				F0FF7162202E96E700CCB4DC /* NewsVC.swift */,
				F0FF7160202E96BA00CCB4DC /* NavigationVC.swift */,
				F0FF7168202E985000CCB4DC /* SearchVC.swift */,
				F0FF716C202ECB3C00CCB4DC /* AuthVC.swift */,
			);
			path = ViewControllers;
			sourceTree = "<group>";
		};
		F0FF7170202EDAB600CCB4DC /* Models */ = {
			isa = PBXGroup;
			children = (
				F0FF7171202EDAC100CCB4DC /* User.swift */,
			);
			path = Models;
			sourceTree = "<group>";
		};
/* End PBXGroup section */

/* Begin PBXNativeTarget section */
		F0FF714A202E7FAA00CCB4DC /* app */ = {
			isa = PBXNativeTarget;
			buildConfigurationList = F0FF715D202E7FAB00CCB4DC /* Build configuration list for PBXNativeTarget "app" */;
			buildPhases = (
				F0FF7147202E7FAA00CCB4DC /* Sources */,
				F0FF7148202E7FAA00CCB4DC /* Frameworks */,
				F0FF7149202E7FAA00CCB4DC /* Resources */,
			);
			buildRules = (
			);
			dependencies = (
			);
			name = app;
			productName = app;
			productReference = F0FF714B202E7FAB00CCB4DC /* app.app */;
			productType = "com.apple.product-type.application";
		};
/* End PBXNativeTarget section */

/* Begin PBXProject section */
		F0FF7143202E7FAA00CCB4DC /* Project object */ = {
			isa = PBXProject;
			attributes = {
				LastSwiftUpdateCheck = 0920;
				LastUpgradeCheck = 0920;
				ORGANIZATIONNAME = "Максим Ефимов";
				TargetAttributes = {
					F0FF714A202E7FAA00CCB4DC = {
						CreatedOnToolsVersion = 9.2;
						ProvisioningStyle = Automatic;
					};
				};
			};
			buildConfigurationList = F0FF7146202E7FAA00CCB4DC /* Build configuration list for PBXProject "app" */;
			compatibilityVersion = "Xcode 8.0";
			developmentRegion = en;
			hasScannedForEncodings = 0;
			knownRegions = (
				en,
				Base,
			);
			mainGroup = F0FF7142202E7FAA00CCB4DC;
			productRefGroup = F0FF714C202E7FAB00CCB4DC /* Products */;
			projectDirPath = "";
			projectRoot = "";
			targets = (
				F0FF714A202E7FAA00CCB4DC /* app */,
			);
		};
/* End PBXProject section */

/* Begin PBXResourcesBuildPhase section */
		F0FF7149202E7FAA00CCB4DC /* Resources */ = {
			isa = PBXResourcesBuildPhase;
			buildActionMask = 2147483647;
			files = (
				F0FF7159202E7FAB00CCB4DC /* LaunchScreen.storyboard in Resources */,
				F0FF7156202E7FAB00CCB4DC /* Assets.xcassets in Resources */,
			);
			runOnlyForDeploymentPostprocessing = 0;
		};
/* End PBXResourcesBuildPhase section */

/* Begin PBXSourcesBuildPhase section */
		F0FF7147202E7FAA00CCB4DC /* Sources */ = {
			isa = PBXSourcesBuildPhase;
			buildActionMask = 2147483647;
			files = (
				F0FF7169202E985000CCB4DC /* SearchVC.swift in Sources */,
				F0FF716F202ECCE800CCB4DC /* UIImageView.swift in Sources */,
				F0FF7161202E96BA00CCB4DC /* NavigationVC.swift in Sources */,
				F0FF716D202ECB3C00CCB4DC /* AuthVC.swift in Sources */,
				F0FF7163202E96E700CCB4DC /* NewsVC.swift in Sources */,
				F0FF7174202EDE6400CCB4DC /* UserData.swift in Sources */,
				F0FF716B202ECA9B00CCB4DC /* UIView.swift in Sources */,
				F0FF7151202E7FAB00CCB4DC /* LoginVC.swift in Sources */,
				F0FF714F202E7FAB00CCB4DC /* AppDelegate.swift in Sources */,
				F0FF7172202EDAC100CCB4DC /* User.swift in Sources */,
				F0FF7166202E975800CCB4DC /* UIViewController.swift in Sources */,
			);
			runOnlyForDeploymentPostprocessing = 0;
		};
/* End PBXSourcesBuildPhase section */

/* Begin PBXVariantGroup section */
		F0FF7157202E7FAB00CCB4DC /* LaunchScreen.storyboard */ = {
			isa = PBXVariantGroup;
			children = (
				F0FF7158202E7FAB00CCB4DC /* Base */,
			);
			name = LaunchScreen.storyboard;
			sourceTree = "<group>";
		};
/* End PBXVariantGroup section */

/* Begin XCBuildConfiguration section */
		F0FF715B202E7FAB00CCB4DC /* Debug */ = {
			isa = XCBuildConfiguration;
			buildSettings = {
				ALWAYS_SEARCH_USER_PATHS = NO;
				CLANG_ANALYZER_NONNULL = YES;
				CLANG_ANALYZER_NUMBER_OBJECT_CONVERSION = YES_AGGRESSIVE;
				CLANG_CXX_LANGUAGE_STANDARD = "gnu++14";
				CLANG_CXX_LIBRARY = "libc++";
				CLANG_ENABLE_MODULES = YES;
				CLANG_ENABLE_OBJC_ARC = YES;
				CLANG_WARN_BLOCK_CAPTURE_AUTORELEASING = YES;
				CLANG_WARN_BOOL_CONVERSION = YES;
				CLANG_WARN_COMMA = YES;
				CLANG_WARN_CONSTANT_CONVERSION = YES;
				CLANG_WARN_DIRECT_OBJC_ISA_USAGE = YES_ERROR;
				CLANG_WARN_DOCUMENTATION_COMMENTS = YES;
				CLANG_WARN_EMPTY_BODY = YES;
				CLANG_WARN_ENUM_CONVERSION = YES;
				CLANG_WARN_INFINITE_RECURSION = YES;
				CLANG_WARN_INT_CONVERSION = YES;
				CLANG_WARN_NON_LITERAL_NULL_CONVERSION = YES;
				CLANG_WARN_OBJC_LITERAL_CONVERSION = YES;
				CLANG_WARN_OBJC_ROOT_CLASS = YES_ERROR;
				CLANG_WARN_RANGE_LOOP_ANALYSIS = YES;
				CLANG_WARN_STRICT_PROTOTYPES = YES;
				CLANG_WARN_SUSPICIOUS_MOVE = YES;
				CLANG_WARN_UNGUARDED_AVAILABILITY = YES_AGGRESSIVE;
				CLANG_WARN_UNREACHABLE_CODE = YES;
				CLANG_WARN__DUPLICATE_METHOD_MATCH = YES;
				CODE_SIGN_IDENTITY = "iPhone Developer";
				COPY_PHASE_STRIP = NO;
				DEBUG_INFORMATION_FORMAT = dwarf;
				ENABLE_STRICT_OBJC_MSGSEND = YES;
				ENABLE_TESTABILITY = YES;
				GCC_C_LANGUAGE_STANDARD = gnu11;
				GCC_DYNAMIC_NO_PIC = NO;
				GCC_NO_COMMON_BLOCKS = YES;
				GCC_OPTIMIZATION_LEVEL = 0;
				GCC_PREPROCESSOR_DEFINITIONS = (
					"DEBUG=1",
					"$(inherited)",
				);
				GCC_WARN_64_TO_32_BIT_CONVERSION = YES;
				GCC_WARN_ABOUT_RETURN_TYPE = YES_ERROR;
				GCC_WARN_UNDECLARED_SELECTOR = YES;
				GCC_WARN_UNINITIALIZED_AUTOS = YES_AGGRESSIVE;
				GCC_WARN_UNUSED_FUNCTION = YES;
				GCC_WARN_UNUSED_VARIABLE = YES;
				IPHONEOS_DEPLOYMENT_TARGET = 11.2;
				MTL_ENABLE_DEBUG_INFO = YES;
				ONLY_ACTIVE_ARCH = YES;
				SDKROOT = iphoneos;
				SWIFT_ACTIVE_COMPILATION_CONDITIONS = DEBUG;
				SWIFT_OPTIMIZATION_LEVEL = "-Onone";
			};
			name = Debug;
		};
		F0FF715C202E7FAB00CCB4DC /* Release */ = {
			isa = XCBuildConfiguration;
			buildSettings = {
				ALWAYS_SEARCH_USER_PATHS = NO;
				CLANG_ANALYZER_NONNULL = YES;
				CLANG_ANALYZER_NUMBER_OBJECT_CONVERSION = YES_AGGRESSIVE;
				CLANG_CXX_LANGUAGE_STANDARD = "gnu++14";
				CLANG_CXX_LIBRARY = "libc++";
				CLANG_ENABLE_MODULES = YES;
				CLANG_ENABLE_OBJC_ARC = YES;
				CLANG_WARN_BLOCK_CAPTURE_AUTORELEASING = YES;
				CLANG_WARN_BOOL_CONVERSION = YES;
				CLANG_WARN_COMMA = YES;
				CLANG_WARN_CONSTANT_CONVERSION = YES;
				CLANG_WARN_DIRECT_OBJC_ISA_USAGE = YES_ERROR;
				CLANG_WARN_DOCUMENTATION_COMMENTS = YES;
				CLANG_WARN_EMPTY_BODY = YES;
				CLANG_WARN_ENUM_CONVERSION = YES;
				CLANG_WARN_INFINITE_RECURSION = YES;
				CLANG_WARN_INT_CONVERSION = YES;
				CLANG_WARN_NON_LITERAL_NULL_CONVERSION = YES;
				CLANG_WARN_OBJC_LITERAL_CONVERSION = YES;
				CLANG_WARN_OBJC_ROOT_CLASS = YES_ERROR;
				CLANG_WARN_RANGE_LOOP_ANALYSIS = YES;
				CLANG_WARN_STRICT_PROTOTYPES = YES;
				CLANG_WARN_SUSPICIOUS_MOVE = YES;
				CLANG_WARN_UNGUARDED_AVAILABILITY = YES_AGGRESSIVE;
				CLANG_WARN_UNREACHABLE_CODE = YES;
				CLANG_WARN__DUPLICATE_METHOD_MATCH = YES;
				CODE_SIGN_IDENTITY = "iPhone Developer";
				COPY_PHASE_STRIP = NO;
				DEBUG_INFORMATION_FORMAT = "dwarf-with-dsym";
				ENABLE_NS_ASSERTIONS = NO;
				ENABLE_STRICT_OBJC_MSGSEND = YES;
				GCC_C_LANGUAGE_STANDARD = gnu11;
				GCC_NO_COMMON_BLOCKS = YES;
				GCC_WARN_64_TO_32_BIT_CONVERSION = YES;
				GCC_WARN_ABOUT_RETURN_TYPE = YES_ERROR;
				GCC_WARN_UNDECLARED_SELECTOR = YES;
				GCC_WARN_UNINITIALIZED_AUTOS = YES_AGGRESSIVE;
				GCC_WARN_UNUSED_FUNCTION = YES;
				GCC_WARN_UNUSED_VARIABLE = YES;
				IPHONEOS_DEPLOYMENT_TARGET = 11.2;
				MTL_ENABLE_DEBUG_INFO = NO;
				SDKROOT = iphoneos;
				SWIFT_OPTIMIZATION_LEVEL = "-Owholemodule";
				VALIDATE_PRODUCT = YES;
			};
			name = Release;
		};
		F0FF715E202E7FAB00CCB4DC /* Debug */ = {
			isa = XCBuildConfiguration;
			buildSettings = {
				ASSETCATALOG_COMPILER_APPICON_NAME = AppIcon;
				CODE_SIGN_STYLE = Automatic;
				DEVELOPMENT_TEAM = V75RFW43CG;
				INFOPLIST_FILE = app/Info.plist;
				LD_RUNPATH_SEARCH_PATHS = "$(inherited) @executable_path/Frameworks";
				PRODUCT_BUNDLE_IDENTIFIER = io.wiwki.app;
				PRODUCT_NAME = "$(TARGET_NAME)";
				SWIFT_VERSION = 4.0;
				TARGETED_DEVICE_FAMILY = "1,2";
			};
			name = Debug;
		};
		F0FF715F202E7FAB00CCB4DC /* Release */ = {
			isa = XCBuildConfiguration;
			buildSettings = {
				ASSETCATALOG_COMPILER_APPICON_NAME = AppIcon;
				CODE_SIGN_STYLE = Automatic;
				DEVELOPMENT_TEAM = V75RFW43CG;
				INFOPLIST_FILE = app/Info.plist;
				LD_RUNPATH_SEARCH_PATHS = "$(inherited) @executable_path/Frameworks";
				PRODUCT_BUNDLE_IDENTIFIER = io.wiwki.app;
				PRODUCT_NAME = "$(TARGET_NAME)";
				SWIFT_VERSION = 4.0;
				TARGETED_DEVICE_FAMILY = "1,2";
			};
			name = Release;
		};
/* End XCBuildConfiguration section */

/* Begin XCConfigurationList section */
		F0FF7146202E7FAA00CCB4DC /* Build configuration list for PBXProject "app" */ = {
			isa = XCConfigurationList;
			buildConfigurations = (
				F0FF715B202E7FAB00CCB4DC /* Debug */,
				F0FF715C202E7FAB00CCB4DC /* Release */,
			);
			defaultConfigurationIsVisible = 0;
			defaultConfigurationName = Release;
		};
		F0FF715D202E7FAB00CCB4DC /* Build configuration list for PBXNativeTarget "app" */ = {
			isa = XCConfigurationList;
			buildConfigurations = (
				F0FF715E202E7FAB00CCB4DC /* Debug */,
				F0FF715F202E7FAB00CCB4DC /* Release */,
			);
			defaultConfigurationIsVisible = 0;
			defaultConfigurationName = Release;
		};
/* End XCConfigurationList section */
	};
	rootObject = F0FF7143202E7FAA00CCB4DC /* Project object */;
}
